
Microsoft Visual Studio Solution File, Format Version 12.00
# Visual Studio 14
VisualStudioVersion = 14.0.25420.1
MinimumVisualStudioVersion = 10.0.40219.1
Project("{2150E333-8FDC-42A3-9474-1A3956D46DE8}") = ".paket", ".paket", "{E2A9D29D-8458-429B-8B12-E88DDBC779D6}"
	ProjectSection(SolutionItems) = preProject
		paket.dependencies = paket.dependencies
		paket.lock = paket.lock
	EndProjectSection
EndProject
Project("{F2A71F9B-5D33-465A-A702-920D77279786}") = "WpfSimpleDrawingApplication", "demos\WpfSimpleDrawingApplication\WpfSimpleDrawingApplication.fsproj", "{15DC6C88-D98F-46D1-8359-85CFC4D32DEE}"
EndProject
Project("{F2A71F9B-5D33-465A-A702-920D77279786}") = "WpfSimpleMvvmApplication", "demos\WpfSimpleMvvmApplication\WpfSimpleMvvmApplication.fsproj", "{921033A7-A1AD-4554-B499-075F10BC4F94}"
EndProject
Project("{F2A71F9B-5D33-465A-A702-920D77279786}") = "WpfMvvmAgent", "demos\WpfMvvmAgent\WpfMvvmAgent.fsproj", "{77D99FC8-531D-453E-9177-53DBE062901F}"
EndProject
Project("{F2A71F9B-5D33-465A-A702-920D77279786}") = "FSharpDesktopUINumericUpDown", "demos\FSharpDesktopUINumericUpDown\FSharpDesktopUINumericUpDown.fsproj", "{C8A635A6-469D-4189-84F9-B1C9D26D2985}"
EndProject
Project("{F2A71F9B-5D33-465A-A702-920D77279786}") = "FsharpAttachedProperty", "demos\FsharpAttachedProperty\FsharpAttachedProperty.fsproj", "{7D568A2D-1014-437C-879C-05E3D5F3A515}"
EndProject
Project("{F2A71F9B-5D33-465A-A702-920D77279786}") = "WpfSimpleDrawingApplication2", "demos\WpfSimpleDrawingApplication2\WpfSimpleDrawingApplication2.fsproj", "{6A3A3470-CA82-4139-846B-0670144D8D1A}"
EndProject
Project("{2150E333-8FDC-42A3-9474-1A3956D46DE8}") = "Solution Items", "Solution Items", "{9259ABCB-C72D-476D-BBD0-DD5455520856}"
	ProjectSection(SolutionItems) = preProject
		demos\FsXamlInteractive.fsx = demos\FsXamlInteractive.fsx
	EndProjectSection
EndProject
Global
	GlobalSection(SolutionConfigurationPlatforms) = preSolution
		Debug|Any CPU = Debug|Any CPU
		Debug|ARM = Debug|ARM
		Debug|x64 = Debug|x64
		Debug|x86 = Debug|x86
		Release|Any CPU = Release|Any CPU
		Release|ARM = Release|ARM
		Release|x64 = Release|x64
		Release|x86 = Release|x86
	EndGlobalSection
	GlobalSection(ProjectConfigurationPlatforms) = postSolution
		{15DC6C88-D98F-46D1-8359-85CFC4D32DEE}.Debug|Any CPU.ActiveCfg = Debug|Any CPU
		{15DC6C88-D98F-46D1-8359-85CFC4D32DEE}.Debug|Any CPU.Build.0 = Debug|Any CPU
		{15DC6C88-D98F-46D1-8359-85CFC4D32DEE}.Debug|ARM.ActiveCfg = Debug|Any CPU
		{15DC6C88-D98F-46D1-8359-85CFC4D32DEE}.Debug|x64.ActiveCfg = Debug|Any CPU
		{15DC6C88-D98F-46D1-8359-85CFC4D32DEE}.Debug|x86.ActiveCfg = Debug|Any CPU
		{15DC6C88-D98F-46D1-8359-85CFC4D32DEE}.Release|Any CPU.ActiveCfg = Release|Any CPU
		{15DC6C88-D98F-46D1-8359-85CFC4D32DEE}.Release|Any CPU.Build.0 = Release|Any CPU
		{15DC6C88-D98F-46D1-8359-85CFC4D32DEE}.Release|ARM.ActiveCfg = Release|Any CPU
		{15DC6C88-D98F-46D1-8359-85CFC4D32DEE}.Release|x64.ActiveCfg = Release|Any CPU
		{15DC6C88-D98F-46D1-8359-85CFC4D32DEE}.Release|x86.ActiveCfg = Release|Any CPU
		{921033A7-A1AD-4554-B499-075F10BC4F94}.Debug|Any CPU.ActiveCfg = Debug|Any CPU
		{921033A7-A1AD-4554-B499-075F10BC4F94}.Debug|Any CPU.Build.0 = Debug|Any CPU
		{921033A7-A1AD-4554-B499-075F10BC4F94}.Debug|ARM.ActiveCfg = Debug|Any CPU
		{921033A7-A1AD-4554-B499-075F10BC4F94}.Debug|x64.ActiveCfg = Debug|Any CPU
		{921033A7-A1AD-4554-B499-075F10BC4F94}.Debug|x86.ActiveCfg = Debug|Any CPU
		{921033A7-A1AD-4554-B499-075F10BC4F94}.Release|Any CPU.ActiveCfg = Release|Any CPU
		{921033A7-A1AD-4554-B499-075F10BC4F94}.Release|Any CPU.Build.0 = Release|Any CPU
		{921033A7-A1AD-4554-B499-075F10BC4F94}.Release|ARM.ActiveCfg = Release|Any CPU
		{921033A7-A1AD-4554-B499-075F10BC4F94}.Release|x64.ActiveCfg = Release|Any CPU
		{921033A7-A1AD-4554-B499-075F10BC4F94}.Release|x86.ActiveCfg = Release|Any CPU
		{77D99FC8-531D-453E-9177-53DBE062901F}.Debug|Any CPU.ActiveCfg = Debug|Any CPU
		{77D99FC8-531D-453E-9177-53DBE062901F}.Debug|Any CPU.Build.0 = Debug|Any CPU
		{77D99FC8-531D-453E-9177-53DBE062901F}.Debug|ARM.ActiveCfg = Debug|Any CPU
		{77D99FC8-531D-453E-9177-53DBE062901F}.Debug|x64.ActiveCfg = Debug|Any CPU
		{77D99FC8-531D-453E-9177-53DBE062901F}.Debug|x86.ActiveCfg = Debug|Any CPU
		{77D99FC8-531D-453E-9177-53DBE062901F}.Release|Any CPU.ActiveCfg = Release|Any CPU
		{77D99FC8-531D-453E-9177-53DBE062901F}.Release|Any CPU.Build.0 = Release|Any CPU
		{77D99FC8-531D-453E-9177-53DBE062901F}.Release|ARM.ActiveCfg = Release|Any CPU
		{77D99FC8-531D-453E-9177-53DBE062901F}.Release|x64.ActiveCfg = Release|Any CPU
		{77D99FC8-531D-453E-9177-53DBE062901F}.Release|x86.ActiveCfg = Release|Any CPU
		{C8A635A6-469D-4189-84F9-B1C9D26D2985}.Debug|Any CPU.ActiveCfg = Debug|Any CPU
		{C8A635A6-469D-4189-84F9-B1C9D26D2985}.Debug|Any CPU.Build.0 = Debug|Any CPU
		{C8A635A6-469D-4189-84F9-B1C9D26D2985}.Debug|ARM.ActiveCfg = Debug|Any CPU
		{C8A635A6-469D-4189-84F9-B1C9D26D2985}.Debug|x64.ActiveCfg = Debug|Any CPU
		{C8A635A6-469D-4189-84F9-B1C9D26D2985}.Debug|x86.ActiveCfg = Debug|Any CPU
		{C8A635A6-469D-4189-84F9-B1C9D26D2985}.Release|Any CPU.ActiveCfg = Release|Any CPU
		{C8A635A6-469D-4189-84F9-B1C9D26D2985}.Release|Any CPU.Build.0 = Release|Any CPU
		{C8A635A6-469D-4189-84F9-B1C9D26D2985}.Release|ARM.ActiveCfg = Release|Any CPU
		{C8A635A6-469D-4189-84F9-B1C9D26D2985}.Release|x64.ActiveCfg = Release|Any CPU
		{C8A635A6-469D-4189-84F9-B1C9D26D2985}.Release|x86.ActiveCfg = Release|Any CPU
		{7D568A2D-1014-437C-879C-05E3D5F3A515}.Debug|Any CPU.ActiveCfg = Debug|Any CPU
		{7D568A2D-1014-437C-879C-05E3D5F3A515}.Debug|Any CPU.Build.0 = Debug|Any CPU
		{7D568A2D-1014-437C-879C-05E3D5F3A515}.Debug|ARM.ActiveCfg = Debug|Any CPU
		{7D568A2D-1014-437C-879C-05E3D5F3A515}.Debug|ARM.Build.0 = Debug|Any CPU
		{7D568A2D-1014-437C-879C-05E3D5F3A515}.Debug|x64.ActiveCfg = Debug|Any CPU
		{7D568A2D-1014-437C-879C-05E3D5F3A515}.Debug|x64.Build.0 = Debug|Any CPU
		{7D568A2D-1014-437C-879C-05E3D5F3A515}.Debug|x86.ActiveCfg = Debug|Any CPU
		{7D568A2D-1014-437C-879C-05E3D5F3A515}.Debug|x86.Build.0 = Debug|Any CPU
		{7D568A2D-1014-437C-879C-05E3D5F3A515}.Release|Any CPU.ActiveCfg = Release|Any CPU
		{7D568A2D-1014-437C-879C-05E3D5F3A515}.Release|Any CPU.Build.0 = Release|Any CPU
		{7D568A2D-1014-437C-879C-05E3D5F3A515}.Release|ARM.ActiveCfg = Release|Any CPU
		{7D568A2D-1014-437C-879C-05E3D5F3A515}.Release|ARM.Build.0 = Release|Any CPU
		{7D568A2D-1014-437C-879C-05E3D5F3A515}.Release|x64.ActiveCfg = Release|Any CPU
		{7D568A2D-1014-437C-879C-05E3D5F3A515}.Release|x64.Build.0 = Release|Any CPU
		{7D568A2D-1014-437C-879C-05E3D5F3A515}.Release|x86.ActiveCfg = Release|Any CPU
		{7D568A2D-1014-437C-879C-05E3D5F3A515}.Release|x86.Build.0 = Release|Any CPU
		{6A3A3470-CA82-4139-846B-0670144D8D1A}.Debug|Any CPU.ActiveCfg = Debug|Any CPU
		{6A3A3470-CA82-4139-846B-0670144D8D1A}.Debug|Any CPU.Build.0 = Debug|Any CPU
		{6A3A3470-CA82-4139-846B-0670144D8D1A}.Debug|ARM.ActiveCfg = Debug|Any CPU
		{6A3A3470-CA82-4139-846B-0670144D8D1A}.Debug|ARM.Build.0 = Debug|Any CPU
		{6A3A3470-CA82-4139-846B-0670144D8D1A}.Debug|x64.ActiveCfg = Debug|Any CPU
		{6A3A3470-CA82-4139-846B-0670144D8D1A}.Debug|x64.Build.0 = Debug|Any CPU
		{6A3A3470-CA82-4139-846B-0670144D8D1A}.Debug|x86.ActiveCfg = Debug|Any CPU
		{6A3A3470-CA82-4139-846B-0670144D8D1A}.Debug|x86.Build.0 = Debug|Any CPU
		{6A3A3470-CA82-4139-846B-0670144D8D1A}.Release|Any CPU.ActiveCfg = Release|Any CPU
		{6A3A3470-CA82-4139-846B-0670144D8D1A}.Release|Any CPU.Build.0 = Release|Any CPU
		{6A3A3470-CA82-4139-846B-0670144D8D1A}.Release|ARM.ActiveCfg = Release|Any CPU
		{6A3A3470-CA82-4139-846B-0670144D8D1A}.Release|ARM.Build.0 = Release|Any CPU
		{6A3A3470-CA82-4139-846B-0670144D8D1A}.Release|x64.ActiveCfg = Release|Any CPU
		{6A3A3470-CA82-4139-846B-0670144D8D1A}.Release|x64.Build.0 = Release|Any CPU
		{6A3A3470-CA82-4139-846B-0670144D8D1A}.Release|x86.ActiveCfg = Release|Any CPU
		{6A3A3470-CA82-4139-846B-0670144D8D1A}.Release|x86.Build.0 = Release|Any CPU
	EndGlobalSection
	GlobalSection(SolutionProperties) = preSolution
		HideSolutionNode = FALSE
	EndGlobalSection
EndGlobal
